// !$*UTF8*$!
{
	archiveVersion = 1;
	classes = {
	};
	objectVersion = 48;
	objects = {

/* Begin PBXBuildFile section */
		6569BA8D1F7B71EA00C978EA /* AppDelegate.swift in Sources */ = {isa = PBXBuildFile; fileRef = 6569BA8C1F7B71EA00C978EA /* AppDelegate.swift */; };
		6569BA8F1F7B71EA00C978EA /* ViewController.swift in Sources */ = {isa = PBXBuildFile; fileRef = 6569BA8E1F7B71EA00C978EA /* ViewController.swift */; };
		6569BA921F7B71EA00C978EA /* Main.storyboard in Resources */ = {isa = PBXBuildFile; fileRef = 6569BA901F7B71EA00C978EA /* Main.storyboard */; };
		6569BA941F7B71EA00C978EA /* Assets.xcassets in Resources */ = {isa = PBXBuildFile; fileRef = 6569BA931F7B71EA00C978EA /* Assets.xcassets */; };
		6569BA971F7B71EA00C978EA /* LaunchScreen.storyboard in Resources */ = {isa = PBXBuildFile; fileRef = 6569BA951F7B71EA00C978EA /* LaunchScreen.storyboard */; };
/* End PBXBuildFile section */

/* Begin PBXFileReference section */
		6569BA891F7B71EA00C978EA /* RequestCancel.app */ = {isa = PBXFileReference; explicitFileType = wrapper.application; includeInIndex = 0; path = RequestCancel.app; sourceTree = BUILT_PRODUCTS_DIR; };
		6569BA8C1F7B71EA00C978EA /* AppDelegate.swift */ = {isa = PBXFileReference; lastKnownFileType = sourcecode.swift; path = AppDelegate.swift; sourceTree = "<group>"; };
		6569BA8E1F7B71EA00C978EA /* ViewController.swift */ = {isa = PBXFileReference; lastKnownFileType = sourcecode.swift; path = ViewController.swift; sourceTree = "<group>"; };
		6569BA911F7B71EA00C978EA /* Base */ = {isa = PBXFileReference; lastKnownFileType = file.storyboard; name = Base; path = Base.lproj/Main.storyboard; sourceTree = "<group>"; };
		6569BA931F7B71EA00C978EA /* Assets.xcassets */ = {isa = PBXFileReference; lastKnownFileType = folder.assetcatalog; path = Assets.xcassets; sourceTree = "<group>"; };
		6569BA961F7B71EA00C978EA /* Base */ = {isa = PBXFileReference; lastKnownFileType = file.storyboard; name = Base; path = Base.lproj/LaunchScreen.storyboard; sourceTree = "<group>"; };
		6569BA981F7B71EA00C978EA /* Info.plist */ = {isa = PBXFileReference; lastKnownFileType = text.plist.xml; path = Info.plist; sourceTree = "<group>"; };
/* End PBXFileReference section */

/* Begin PBXFrameworksBuildPhase section */
		6569BA861F7B71EA00C978EA /* Frameworks */ = {
			isa = PBXFrameworksBuildPhase;
			buildActionMask = 2147483647;
			files = (
			);
			runOnlyForDeploymentPostprocessing = 0;
		};
/* End PBXFrameworksBuildPhase section */

/* Begin PBXGroup section */
		6569BA801F7B71EA00C978EA = {
			isa = PBXGroup;
			children = (
				6569BA8B1F7B71EA00C978EA /* RequestCancel */,
				6569BA8A1F7B71EA00C978EA /* Products */,
			);
			sourceTree = "<group>";
		};
		6569BA8A1F7B71EA00C978EA /* Products */ = {
			isa = PBXGroup;
			children = (
				6569BA891F7B71EA00C978EA /* RequestCancel.app */,
			);
			name = Products;
			sourceTree = "<group>";
		};
		6569BA8B1F7B71EA00C978EA /* RequestCancel */ = {
			isa = PBXGroup;
			children = (
				6569BA8C1F7B71EA00C978EA /* AppDelegate.swift */,
				6569BA8E1F7B71EA00C978EA /* ViewController.swift */,
				6569BA901F7B71EA00C978EA /* Main.storyboard */,
				6569BA931F7B71EA00C978EA /* Assets.xcassets */,
				6569BA951F7B71EA00C978EA /* LaunchScreen.storyboard */,
				6569BA981F7B71EA00C978EA /* Info.plist */,
			);
			path = RequestCancel;
			sourceTree = "<group>";
		};
/* End PBXGroup section */

/* Begin PBXNativeTarget section */
		6569BA881F7B71EA00C978EA /* RequestCancel */ = {
			isa = PBXNativeTarget;
			buildConfigurationList = 6569BA9B1F7B71EA00C978EA /* Build configuration list for PBXNativeTarget "RequestCancel" */;
			buildPhases = (
				6569BA851F7B71EA00C978EA /* Sources */,
				6569BA861F7B71EA00C978EA /* Frameworks */,
				6569BA871F7B71EA00C978EA /* Resources */,
			);
			buildRules = (
			);
			dependencies = (
			);
			name = RequestCancel;
			productName = RequestCancel;
			productReference = 6569BA891F7B71EA00C978EA /* RequestCancel.app */;
			productType = "com.apple.product-type.application";
		};
/* End PBXNativeTarget section */

/* Begin PBXProject section */
		6569BA811F7B71EA00C978EA /* Project object */ = {
			isa = PBXProject;
			attributes = {
				LastSwiftUpdateCheck = 0900;
				LastUpgradeCheck = 0900;
				ORGANIZATIONNAME = dengyonghao;
				TargetAttributes = {
					6569BA881F7B71EA00C978EA = {
						CreatedOnToolsVersion = 9.0;
						ProvisioningStyle = Automatic;
					};
				};
			};
			buildConfigurationList = 6569BA841F7B71EA00C978EA /* Build configuration list for PBXProject "RequestCancel" */;
			compatibilityVersion = "Xcode 8.0";
			developmentRegion = en;
			hasScannedForEncodings = 0;
			knownRegions = (
				en,
				Base,
			);
			mainGroup = 6569BA801F7B71EA00C978EA;
			productRefGroup = 6569BA8A1F7B71EA00C978EA /* Products */;
			projectDirPath = "";
			projectRoot = "";
			targets = (
				6569BA881F7B71EA00C978EA /* RequestCancel */,
			);
		};
/* End PBXProject section */

/* Begin PBXResourcesBuildPhase section */
		6569BA871F7B71EA00C978EA /* Resources */ = {
			isa = PBXResourcesBuildPhase;
			buildActionMask = 2147483647;
			files = (
				6569BA971F7B71EA00C978EA /* LaunchScreen.storyboard in Resources */,
				6569BA941F7B71EA00C978EA /* Assets.xcassets in Resources */,
				6569BA921F7B71EA00C978EA /* Main.storyboard in Resources */,
			);
			runOnlyForDeploymentPostprocessing = 0;
		};
/* End PBXResourcesBuildPhase section */

/* Begin PBXSourcesBuildPhase section */
		6569BA851F7B71EA00C978EA /* Sources */ = {
			isa = PBXSourcesBuildPhase;
			buildActionMask = 2147483647;
			files = (
				6569BA8F1F7B71EA00C978EA /* ViewController.swift in Sources */,
				6569BA8D1F7B71EA00C978EA /* AppDelegate.swift in Sources */,
			);
			runOnlyForDeploymentPostprocessing = 0;
		};
/* End PBXSourcesBuildPhase section */

/* Begin PBXVariantGroup section */
		6569BA901F7B71EA00C978EA /* Main.storyboard */ = {
			isa = PBXVariantGroup;
			children = (
				6569BA911F7B71EA00C978EA /* Base */,
			);
			name = Main.storyboard;
			sourceTree = "<group>";
		};
		6569BA951F7B71EA00C978EA /* LaunchScreen.storyboard */ = {
			isa = PBXVariantGroup;
			children = (
				6569BA961F7B71EA00C978EA /* Base */,
			);
			name = LaunchScreen.storyboard;
			sourceTree = "<group>";
		};
/* End PBXVariantGroup section */

/* Begin XCBuildConfiguration section */
		6569BA991F7B71EA00C978EA /* Debug */ = {
			isa = XCBuildConfiguration;
			buildSettings = {
				ALWAYS_SEARCH_USER_PATHS = NO;
				CLANG_ANALYZER_NONNULL = YES;
				CLANG_ANALYZER_NUMBER_OBJECT_CONVERSION = YES_AGGRESSIVE;
				CLANG_CXX_LANGUAGE_STANDARD = "gnu++14";
				CLANG_CXX_LIBRARY = "libc++";
				CLANG_ENABLE_MODULES = YES;
				CLANG_ENABLE_OBJC_ARC = YES;
				CLANG_WARN_BLOCK_CAPTURE_AUTORELEASING = YES;
				CLANG_WARN_BOOL_CONVERSION = YES;
				CLANG_WARN_COMMA = YES;
				CLANG_WARN_CONSTANT_CONVERSION = YES;
				CLANG_WARN_DIRECT_OBJC_ISA_USAGE = YES_ERROR;
				CLANG_WARN_DOCUMENTATION_COMMENTS = YES;
				CLANG_WARN_EMPTY_BODY = YES;
				CLANG_WARN_ENUM_CONVERSION = YES;
				CLANG_WARN_INFINITE_RECURSION = YES;
				CLANG_WARN_INT_CONVERSION = YES;
				CLANG_WARN_NON_LITERAL_NULL_CONVERSION = YES;
				CLANG_WARN_OBJC_LITERAL_CONVERSION = YES;
				CLANG_WARN_OBJC_ROOT_CLASS = YES_ERROR;
				CLANG_WARN_RANGE_LOOP_ANALYSIS = YES;
				CLANG_WARN_STRICT_PROTOTYPES = YES;
				CLANG_WARN_SUSPICIOUS_MOVE = YES;
				CLANG_WARN_UNGUARDED_AVAILABILITY = YES_AGGRESSIVE;
				CLANG_WARN_UNREACHABLE_CODE = YES;
				CLANG_WARN__DUPLICATE_METHOD_MATCH = YES;
				CODE_SIGN_IDENTITY = "iPhone Developer";
				COPY_PHASE_STRIP = NO;
				DEBUG_INFORMATION_FORMAT = dwarf;
				ENABLE_STRICT_OBJC_MSGSEND = YES;
				ENABLE_TESTABILITY = YES;
				GCC_C_LANGUAGE_STANDARD = gnu11;
				GCC_DYNAMIC_NO_PIC = NO;
				GCC_NO_COMMON_BLOCKS = YES;
				GCC_OPTIMIZATION_LEVEL = 0;
				GCC_PREPROCESSOR_DEFINITIONS = (
					"DEBUG=1",
					"$(inherited)",
				);
				GCC_WARN_64_TO_32_BIT_CONVERSION = YES;
				GCC_WARN_ABOUT_RETURN_TYPE = YES_ERROR;
				GCC_WARN_UNDECLARED_SELECTOR = YES;
				GCC_WARN_UNINITIALIZED_AUTOS = YES_AGGRESSIVE;
				GCC_WARN_UNUSED_FUNCTION = YES;
				GCC_WARN_UNUSED_VARIABLE = YES;
				IPHONEOS_DEPLOYMENT_TARGET = 11.0;
				MTL_ENABLE_DEBUG_INFO = YES;
				ONLY_ACTIVE_ARCH = YES;
				SDKROOT = iphoneos;
				SWIFT_ACTIVE_COMPILATION_CONDITIONS = DEBUG;
				SWIFT_OPTIMIZATION_LEVEL = "-Onone";
			};
			name = Debug;
		};
		6569BA9A1F7B71EA00C978EA /* Release */ = {
			isa = XCBuildConfiguration;
			buildSettings = {
				ALWAYS_SEARCH_USER_PATHS = NO;
				CLANG_ANALYZER_NONNULL = YES;
				CLANG_ANALYZER_NUMBER_OBJECT_CONVERSION = YES_AGGRESSIVE;
				CLANG_CXX_LANGUAGE_STANDARD = "gnu++14";
				CLANG_CXX_LIBRARY = "libc++";
				CLANG_ENABLE_MODULES = YES;
				CLANG_ENABLE_OBJC_ARC = YES;
				CLANG_WARN_BLOCK_CAPTURE_AUTORELEASING = YES;
				CLANG_WARN_BOOL_CONVERSION = YES;
				CLANG_WARN_COMMA = YES;
				CLANG_WARN_CONSTANT_CONVERSION = YES;
				CLANG_WARN_DIRECT_OBJC_ISA_USAGE = YES_ERROR;
				CLANG_WARN_DOCUMENTATION_COMMENTS = YES;
				CLANG_WARN_EMPTY_BODY = YES;
				CLANG_WARN_ENUM_CONVERSION = YES;
				CLANG_WARN_INFINITE_RECURSION = YES;
				CLANG_WARN_INT_CONVERSION = YES;
				CLANG_WARN_NON_LITERAL_NULL_CONVERSION = YES;
				CLANG_WARN_OBJC_LITERAL_CONVERSION = YES;
				CLANG_WARN_OBJC_ROOT_CLASS = YES_ERROR;
				CLANG_WARN_RANGE_LOOP_ANALYSIS = YES;
				CLANG_WARN_STRICT_PROTOTYPES = YES;
				CLANG_WARN_SUSPICIOUS_MOVE = YES;
				CLANG_WARN_UNGUARDED_AVAILABILITY = YES_AGGRESSIVE;
				CLANG_WARN_UNREACHABLE_CODE = YES;
				CLANG_WARN__DUPLICATE_METHOD_MATCH = YES;
				CODE_SIGN_IDENTITY = "iPhone Developer";
				COPY_PHASE_STRIP = NO;
				DEBUG_INFORMATION_FORMAT = "dwarf-with-dsym";
				ENABLE_NS_ASSERTIONS = NO;
				ENABLE_STRICT_OBJC_MSGSEND = YES;
				GCC_C_LANGUAGE_STANDARD = gnu11;
				GCC_NO_COMMON_BLOCKS = YES;
				GCC_WARN_64_TO_32_BIT_CONVERSION = YES;
				GCC_WARN_ABOUT_RETURN_TYPE = YES_ERROR;
				GCC_WARN_UNDECLARED_SELECTOR = YES;
				GCC_WARN_UNINITIALIZED_AUTOS = YES_AGGRESSIVE;
				GCC_WARN_UNUSED_FUNCTION = YES;
				GCC_WARN_UNUSED_VARIABLE = YES;
				IPHONEOS_DEPLOYMENT_TARGET = 11.0;
				MTL_ENABLE_DEBUG_INFO = NO;
				SDKROOT = iphoneos;
				SWIFT_OPTIMIZATION_LEVEL = "-Owholemodule";
				VALIDATE_PRODUCT = YES;
			};
			name = Release;
		};
		6569BA9C1F7B71EA00C978EA /* Debug */ = {
			isa = XCBuildConfiguration;
			buildSettings = {
				ASSETCATALOG_COMPILER_APPICON_NAME = AppIcon;
				CODE_SIGN_STYLE = Automatic;
				DEVELOPMENT_TEAM = 9PF5ASX4BR;
				INFOPLIST_FILE = RequestCancel/Info.plist;
				LD_RUNPATH_SEARCH_PATHS = "$(inherited) @executable_path/Frameworks";
				PRODUCT_BUNDLE_IDENTIFIER = com.dengyonghao.RequestCancel;
				PRODUCT_NAME = "$(TARGET_NAME)";
				SWIFT_VERSION = 4.0;
				TARGETED_DEVICE_FAMILY = "1,2";
			};
			name = Debug;
		};
		6569BA9D1F7B71EA00C978EA /* Release */ = {
			isa = XCBuildConfiguration;
			buildSettings = {
				ASSETCATALOG_COMPILER_APPICON_NAME = AppIcon;
				CODE_SIGN_STYLE = Automatic;
				DEVELOPMENT_TEAM = 9PF5ASX4BR;
				INFOPLIST_FILE = RequestCancel/Info.plist;
				LD_RUNPATH_SEARCH_PATHS = "$(inherited) @executable_path/Frameworks";
				PRODUCT_BUNDLE_IDENTIFIER = com.dengyonghao.RequestCancel;
				PRODUCT_NAME = "$(TARGET_NAME)";
				SWIFT_VERSION = 4.0;
				TARGETED_DEVICE_FAMILY = "1,2";
			};
			name = Release;
		};
/* End XCBuildConfiguration section */

/* Begin XCConfigurationList section */
		6569BA841F7B71EA00C978EA /* Build configuration list for PBXProject "RequestCancel" */ = {
			isa = XCConfigurationList;
			buildConfigurations = (
				6569BA991F7B71EA00C978EA /* Debug */,
				6569BA9A1F7B71EA00C978EA /* Release */,
			);
			defaultConfigurationIsVisible = 0;
			defaultConfigurationName = Release;
		};
		6569BA9B1F7B71EA00C978EA /* Build configuration list for PBXNativeTarget "RequestCancel" */ = {
			isa = XCConfigurationList;
			buildConfigurations = (
				6569BA9C1F7B71EA00C978EA /* Debug */,
				6569BA9D1F7B71EA00C978EA /* Release */,
			);
			defaultConfigurationIsVisible = 0;
			defaultConfigurationName = Release;
		};
/* End XCConfigurationList section */
	};
	rootObject = 6569BA811F7B71EA00C978EA /* Project object */;
}
